// !$*UTF8*$!
{
	archiveVersion = 1;
	classes = {
	};
	objectVersion = 77;
	objects = {

/* Begin PBXBuildFile section */
		A10000072F4B000100000001 /* FormatKitFinderExtension.appex in Embed App Extensions */ = {isa = PBXBuildFile; fileRef = A10000012F4B000100000001 /* FormatKitFinderExtension.appex */; settings = {ATTRIBUTES = (RemoveHeadersOnCopy, ); }; };
/* End PBXBuildFile section */

/* Begin PBXContainerItemProxy section */
		171761072F4ACE6900DC1C99 /* PBXContainerItemProxy */ = {
			isa = PBXContainerItemProxy;
			containerPortal = 171760F12F4ACE6900DC1C99 /* Project object */;
			proxyType = 1;
			remoteGlobalIDString = 171760F82F4ACE6900DC1C99;
			remoteInfo = FormatKit;
		};
		171761112F4ACE6900DC1C99 /* PBXContainerItemProxy */ = {
			isa = PBXContainerItemProxy;
			containerPortal = 171760F12F4ACE6900DC1C99 /* Project object */;
			proxyType = 1;
			remoteGlobalIDString = 171760F82F4ACE6900DC1C99;
			remoteInfo = FormatKit;
		};
		A100000A2F4B000100000001 /* PBXContainerItemProxy */ = {
			isa = PBXContainerItemProxy;
			containerPortal = 171760F12F4ACE6900DC1C99 /* Project object */;
			proxyType = 1;
			remoteGlobalIDString = A10000082F4B000100000001;
			remoteInfo = FormatKitFinderExtension;
		};
/* End PBXContainerItemProxy section */

/* Begin PBXCopyFilesBuildPhase section */
		A10000062F4B000100000001 /* Embed App Extensions */ = {
			isa = PBXCopyFilesBuildPhase;
			buildActionMask = 2147483647;
			dstPath = "";
			dstSubfolderSpec = 13;
			files = (
				A10000072F4B000100000001 /* FormatKitFinderExtension.appex in Embed App Extensions */,
			);
			name = "Embed App Extensions";
			runOnlyForDeploymentPostprocessing = 0;
		};
/* End PBXCopyFilesBuildPhase section */

/* Begin PBXFileReference section */
		171760F92F4ACE6900DC1C99 /* FormatKit.app */ = {isa = PBXFileReference; explicitFileType = wrapper.application; includeInIndex = 0; path = FormatKit.app; sourceTree = BUILT_PRODUCTS_DIR; };
		171761062F4ACE6900DC1C99 /* FormatKitTests.xctest */ = {isa = PBXFileReference; explicitFileType = wrapper.cfbundle; includeInIndex = 0; path = FormatKitTests.xctest; sourceTree = BUILT_PRODUCTS_DIR; };
		171761102F4ACE6900DC1C99 /* FormatKitUITests.xctest */ = {isa = PBXFileReference; explicitFileType = wrapper.cfbundle; includeInIndex = 0; path = FormatKitUITests.xctest; sourceTree = BUILT_PRODUCTS_DIR; };
		A10000012F4B000100000001 /* FormatKitFinderExtension.appex */ = {isa = PBXFileReference; explicitFileType = "wrapper.app-extension"; includeInIndex = 0; path = FormatKitFinderExtension.appex; sourceTree = BUILT_PRODUCTS_DIR; };
/* End PBXFileReference section */

/* Begin PBXFileSystemSynchronizedBuildFileExceptionSet section */
		1735AE742F4BBC9E001E867E /* Exceptions for "FormatKit" folder in "FormatKit" target */ = {
			isa = PBXFileSystemSynchronizedBuildFileExceptionSet;
			membershipExceptions = (
				Info.plist,
			);
			target = 171760F82F4ACE6900DC1C99 /* FormatKit */;
		};
		1735AE752F4BBCAB001E867E /* Exceptions for "FormatKitFinderExtension" folder in "FormatKitFinderExtension" target */ = {
			isa = PBXFileSystemSynchronizedBuildFileExceptionSet;
			membershipExceptions = (
				Info.plist,
			);
			target = A10000082F4B000100000001 /* FormatKitFinderExtension */;
		};
/* End PBXFileSystemSynchronizedBuildFileExceptionSet section */

/* Begin PBXFileSystemSynchronizedRootGroup section */
		171760FB2F4ACE6900DC1C99 /* FormatKit */ = {
			isa = PBXFileSystemSynchronizedRootGroup;
			exceptions = (
				1735AE742F4BBC9E001E867E /* Exceptions for "FormatKit" folder in "FormatKit" target */,
			);
			path = FormatKit;
			sourceTree = "<group>";
		};
		171761092F4ACE6900DC1C99 /* FormatKitTests */ = {
			isa = PBXFileSystemSynchronizedRootGroup;
			path = FormatKitTests;
			sourceTree = "<group>";
		};
		171761132F4ACE6900DC1C99 /* FormatKitUITests */ = {
			isa = PBXFileSystemSynchronizedRootGroup;
			path = FormatKitUITests;
			sourceTree = "<group>";
		};
		A10000022F4B000100000001 /* FormatKitFinderExtension */ = {
			isa = PBXFileSystemSynchronizedRootGroup;
			exceptions = (
				1735AE752F4BBCAB001E867E /* Exceptions for "FormatKitFinderExtension" folder in "FormatKitFinderExtension" target */,
			);
			path = FormatKitFinderExtension;
			sourceTree = "<group>";
		};
		A10000102F4B000100000001 /* Shared */ = {
			isa = PBXFileSystemSynchronizedRootGroup;
			path = Shared;
			sourceTree = "<group>";
		};
/* End PBXFileSystemSynchronizedRootGroup section */

/* Begin PBXFrameworksBuildPhase section */
		171760F62F4ACE6900DC1C99 /* Frameworks */ = {
			isa = PBXFrameworksBuildPhase;
			buildActionMask = 2147483647;
			files = (
			);
			runOnlyForDeploymentPostprocessing = 0;
		};
		171761032F4ACE6900DC1C99 /* Frameworks */ = {
			isa = PBXFrameworksBuildPhase;
			buildActionMask = 2147483647;
			files = (
			);
			runOnlyForDeploymentPostprocessing = 0;
		};
		1717610D2F4ACE6900DC1C99 /* Frameworks */ = {
			isa = PBXFrameworksBuildPhase;
			buildActionMask = 2147483647;
			files = (
			);
			runOnlyForDeploymentPostprocessing = 0;
		};
		A10000032F4B000100000001 /* Frameworks */ = {
			isa = PBXFrameworksBuildPhase;
			buildActionMask = 2147483647;
			files = (
			);
			runOnlyForDeploymentPostprocessing = 0;
		};
/* End PBXFrameworksBuildPhase section */

/* Begin PBXGroup section */
		171760F02F4ACE6900DC1C99 = {
			isa = PBXGroup;
			children = (
				171760FB2F4ACE6900DC1C99 /* FormatKit */,
				A10000102F4B000100000001 /* Shared */,
				A10000022F4B000100000001 /* FormatKitFinderExtension */,
				171761092F4ACE6900DC1C99 /* FormatKitTests */,
				171761132F4ACE6900DC1C99 /* FormatKitUITests */,
				171760FA2F4ACE6900DC1C99 /* Products */,
			);
			sourceTree = "<group>";
		};
		171760FA2F4ACE6900DC1C99 /* Products */ = {
			isa = PBXGroup;
			children = (
				171760F92F4ACE6900DC1C99 /* FormatKit.app */,
				A10000012F4B000100000001 /* FormatKitFinderExtension.appex */,
				171761062F4ACE6900DC1C99 /* FormatKitTests.xctest */,
				171761102F4ACE6900DC1C99 /* FormatKitUITests.xctest */,
			);
			name = Products;
			sourceTree = "<group>";
		};
/* End PBXGroup section */

/* Begin PBXNativeTarget section */
		171760F82F4ACE6900DC1C99 /* FormatKit */ = {
			isa = PBXNativeTarget;
			buildConfigurationList = 1717611A2F4ACE6900DC1C99 /* Build configuration list for PBXNativeTarget "FormatKit" */;
			buildPhases = (
				171760F52F4ACE6900DC1C99 /* Sources */,
				171760F62F4ACE6900DC1C99 /* Frameworks */,
				171760F72F4ACE6900DC1C99 /* Resources */,
				A10000062F4B000100000001 /* Embed App Extensions */,
			);
			buildRules = (
			);
			dependencies = (
				A10000092F4B000100000001 /* PBXTargetDependency */,
			);
			fileSystemSynchronizedGroups = (
				171760FB2F4ACE6900DC1C99 /* FormatKit */,
				A10000102F4B000100000001 /* Shared */,
			);
			name = FormatKit;
			packageProductDependencies = (
			);
			productName = FormatKit;
			productReference = 171760F92F4ACE6900DC1C99 /* FormatKit.app */;
			productType = "com.apple.product-type.application";
		};
		171761052F4ACE6900DC1C99 /* FormatKitTests */ = {
			isa = PBXNativeTarget;
			buildConfigurationList = 1717611D2F4ACE6900DC1C99 /* Build configuration list for PBXNativeTarget "FormatKitTests" */;
			buildPhases = (
				171761022F4ACE6900DC1C99 /* Sources */,
				171761032F4ACE6900DC1C99 /* Frameworks */,
				171761042F4ACE6900DC1C99 /* Resources */,
			);
			buildRules = (
			);
			dependencies = (
				171761082F4ACE6900DC1C99 /* PBXTargetDependency */,
			);
			fileSystemSynchronizedGroups = (
				171761092F4ACE6900DC1C99 /* FormatKitTests */,
			);
			name = FormatKitTests;
			packageProductDependencies = (
			);
			productName = FormatKitTests;
			productReference = 171761062F4ACE6900DC1C99 /* FormatKitTests.xctest */;
			productType = "com.apple.product-type.bundle.unit-test";
		};
		1717610F2F4ACE6900DC1C99 /* FormatKitUITests */ = {
			isa = PBXNativeTarget;
			buildConfigurationList = 171761202F4ACE6900DC1C99 /* Build configuration list for PBXNativeTarget "FormatKitUITests" */;
			buildPhases = (
				1717610C2F4ACE6900DC1C99 /* Sources */,
				1717610D2F4ACE6900DC1C99 /* Frameworks */,
				1717610E2F4ACE6900DC1C99 /* Resources */,
			);
			buildRules = (
			);
			dependencies = (
				171761122F4ACE6900DC1C99 /* PBXTargetDependency */,
			);
			fileSystemSynchronizedGroups = (
				171761132F4ACE6900DC1C99 /* FormatKitUITests */,
			);
			name = FormatKitUITests;
			packageProductDependencies = (
			);
			productName = FormatKitUITests;
			productReference = 171761102F4ACE6900DC1C99 /* FormatKitUITests.xctest */;
			productType = "com.apple.product-type.bundle.ui-testing";
		};
		A10000082F4B000100000001 /* FormatKitFinderExtension */ = {
			isa = PBXNativeTarget;
			buildConfigurationList = A100000D2F4B000100000001 /* Build configuration list for PBXNativeTarget "FormatKitFinderExtension" */;
			buildPhases = (
				A10000052F4B000100000001 /* Sources */,
				A10000032F4B000100000001 /* Frameworks */,
				A10000042F4B000100000001 /* Resources */,
			);
			buildRules = (
			);
			dependencies = (
			);
			fileSystemSynchronizedGroups = (
				A10000022F4B000100000001 /* FormatKitFinderExtension */,
				A10000102F4B000100000001 /* Shared */,
			);
			name = FormatKitFinderExtension;
			packageProductDependencies = (
			);
			productName = FormatKitFinderExtension;
			productReference = A10000012F4B000100000001 /* FormatKitFinderExtension.appex */;
			productType = "com.apple.product-type.app-extension";
		};
/* End PBXNativeTarget section */

/* Begin PBXProject section */
		171760F12F4ACE6900DC1C99 /* Project object */ = {
			isa = PBXProject;
			attributes = {
				BuildIndependentTargetsInParallel = 1;
				LastSwiftUpdateCheck = 2620;
				LastUpgradeCheck = 2620;
				TargetAttributes = {
					171760F82F4ACE6900DC1C99 = {
						CreatedOnToolsVersion = 26.2;
					};
					171761052F4ACE6900DC1C99 = {
						CreatedOnToolsVersion = 26.2;
						TestTargetID = 171760F82F4ACE6900DC1C99;
					};
					1717610F2F4ACE6900DC1C99 = {
						CreatedOnToolsVersion = 26.2;
						TestTargetID = 171760F82F4ACE6900DC1C99;
					};
					A10000082F4B000100000001 = {
						CreatedOnToolsVersion = 26.2;
					};
				};
			};
			buildConfigurationList = 171760F42F4ACE6900DC1C99 /* Build configuration list for PBXProject "FormatKit" */;
			developmentRegion = en;
			hasScannedForEncodings = 0;
			knownRegions = (
				en,
				Base,
			);
			mainGroup = 171760F02F4ACE6900DC1C99;
			minimizedProjectReferenceProxies = 1;
			preferredProjectObjectVersion = 77;
			productRefGroup = 171760FA2F4ACE6900DC1C99 /* Products */;
			projectDirPath = "";
			projectRoot = "";
			targets = (
				171760F82F4ACE6900DC1C99 /* FormatKit */,
				A10000082F4B000100000001 /* FormatKitFinderExtension */,
				171761052F4ACE6900DC1C99 /* FormatKitTests */,
				1717610F2F4ACE6900DC1C99 /* FormatKitUITests */,
			);
		};
/* End PBXProject section */

/* Begin PBXResourcesBuildPhase section */
		171760F72F4ACE6900DC1C99 /* Resources */ = {
			isa = PBXResourcesBuildPhase;
			buildActionMask = 2147483647;
			files = (
			);
			runOnlyForDeploymentPostprocessing = 0;
		};
		171761042F4ACE6900DC1C99 /* Resources */ = {
			isa = PBXResourcesBuildPhase;
			buildActionMask = 2147483647;
			files = (
			);
			runOnlyForDeploymentPostprocessing = 0;
		};
		1717610E2F4ACE6900DC1C99 /* Resources */ = {
			isa = PBXResourcesBuildPhase;
			buildActionMask = 2147483647;
			files = (
			);
			runOnlyForDeploymentPostprocessing = 0;
		};
		A10000042F4B000100000001 /* Resources */ = {
			isa = PBXResourcesBuildPhase;
			buildActionMask = 2147483647;
			files = (
			);
			runOnlyForDeploymentPostprocessing = 0;
		};
/* End PBXResourcesBuildPhase section */

/* Begin PBXSourcesBuildPhase section */
		171760F52F4ACE6900DC1C99 /* Sources */ = {
			isa = PBXSourcesBuildPhase;
			buildActionMask = 2147483647;
			files = (
			);
			runOnlyForDeploymentPostprocessing = 0;
		};
		171761022F4ACE6900DC1C99 /* Sources */ = {
			isa = PBXSourcesBuildPhase;
			buildActionMask = 2147483647;
			files = (
			);
			runOnlyForDeploymentPostprocessing = 0;
		};
		1717610C2F4ACE6900DC1C99 /* Sources */ = {
			isa = PBXSourcesBuildPhase;
			buildActionMask = 2147483647;
			files = (
			);
			runOnlyForDeploymentPostprocessing = 0;
		};
		A10000052F4B000100000001 /* Sources */ = {
			isa = PBXSourcesBuildPhase;
			buildActionMask = 2147483647;
			files = (
			);
			runOnlyForDeploymentPostprocessing = 0;
		};
/* End PBXSourcesBuildPhase section */

/* Begin PBXTargetDependency section */
		171761082F4ACE6900DC1C99 /* PBXTargetDependency */ = {
			isa = PBXTargetDependency;
			target = 171760F82F4ACE6900DC1C99 /* FormatKit */;
			targetProxy = 171761072F4ACE6900DC1C99 /* PBXContainerItemProxy */;
		};
		171761122F4ACE6900DC1C99 /* PBXTargetDependency */ = {
			isa = PBXTargetDependency;
			target = 171760F82F4ACE6900DC1C99 /* FormatKit */;
			targetProxy = 171761112F4ACE6900DC1C99 /* PBXContainerItemProxy */;
		};
		A10000092F4B000100000001 /* PBXTargetDependency */ = {
			isa = PBXTargetDependency;
			target = A10000082F4B000100000001 /* FormatKitFinderExtension */;
			targetProxy = A100000A2F4B000100000001 /* PBXContainerItemProxy */;
		};
/* End PBXTargetDependency section */

/* Begin XCBuildConfiguration section */
		171761182F4ACE6900DC1C99 /* Debug */ = {
			isa = XCBuildConfiguration;
			buildSettings = {
				ALWAYS_SEARCH_USER_PATHS = NO;
				ASSETCATALOG_COMPILER_GENERATE_SWIFT_ASSET_SYMBOL_EXTENSIONS = YES;
				CLANG_ANALYZER_NONNULL = YES;
				CLANG_ANALYZER_NUMBER_OBJECT_CONVERSION = YES_AGGRESSIVE;
				CLANG_CXX_LANGUAGE_STANDARD = "gnu++20";
				CLANG_ENABLE_MODULES = YES;
				CLANG_ENABLE_OBJC_ARC = YES;
				CLANG_ENABLE_OBJC_WEAK = YES;
				CLANG_WARN_BLOCK_CAPTURE_AUTORELEASING = YES;
				CLANG_WARN_BOOL_CONVERSION = YES;
				CLANG_WARN_COMMA = YES;
				CLANG_WARN_CONSTANT_CONVERSION = YES;
				CLANG_WARN_DEPRECATED_OBJC_IMPLEMENTATIONS = YES;
				CLANG_WARN_DIRECT_OBJC_ISA_USAGE = YES_ERROR;
				CLANG_WARN_DOCUMENTATION_COMMENTS = YES;
				CLANG_WARN_EMPTY_BODY = YES;
				CLANG_WARN_ENUM_CONVERSION = YES;
				CLANG_WARN_INFINITE_RECURSION = YES;
				CLANG_WARN_INT_CONVERSION = YES;
				CLANG_WARN_NON_LITERAL_NULL_CONVERSION = YES;
				CLANG_WARN_OBJC_IMPLICIT_RETAIN_SELF = YES;
				CLANG_WARN_OBJC_LITERAL_CONVERSION = YES;
				CLANG_WARN_OBJC_ROOT_CLASS = YES_ERROR;
				CLANG_WARN_QUOTED_INCLUDE_IN_FRAMEWORK_HEADER = YES;
				CLANG_WARN_RANGE_LOOP_ANALYSIS = YES;
				CLANG_WARN_STRICT_PROTOTYPES = YES;
				CLANG_WARN_SUSPICIOUS_MOVE = YES;
				CLANG_WARN_UNGUARDED_AVAILABILITY = YES_AGGRESSIVE;
				CLANG_WARN_UNREACHABLE_CODE = YES;
				CLANG_WARN__DUPLICATE_METHOD_MATCH = YES;
				COPY_PHASE_STRIP = NO;
				DEBUG_INFORMATION_FORMAT = dwarf;
				DEVELOPMENT_TEAM = QXB4YGYJBG;
				ENABLE_STRICT_OBJC_MSGSEND = YES;
				ENABLE_TESTABILITY = YES;
				ENABLE_USER_SCRIPT_SANDBOXING = YES;
				GCC_C_LANGUAGE_STANDARD = gnu17;
				GCC_DYNAMIC_NO_PIC = NO;
				GCC_NO_COMMON_BLOCKS = YES;
				GCC_OPTIMIZATION_LEVEL = 0;
				GCC_PREPROCESSOR_DEFINITIONS = (
					"DEBUG=1",
					"$(inherited)",
				);
				GCC_WARN_64_TO_32_BIT_CONVERSION = YES;
				GCC_WARN_ABOUT_RETURN_TYPE = YES_ERROR;
				GCC_WARN_UNDECLARED_SELECTOR = YES;
				GCC_WARN_UNINITIALIZED_AUTOS = YES_AGGRESSIVE;
				GCC_WARN_UNUSED_FUNCTION = YES;
				GCC_WARN_UNUSED_VARIABLE = YES;
				LOCALIZATION_PREFERS_STRING_CATALOGS = YES;
				MACOSX_DEPLOYMENT_TARGET = 26.2;
				MTL_ENABLE_DEBUG_INFO = INCLUDE_SOURCE;
				MTL_FAST_MATH = YES;
				ONLY_ACTIVE_ARCH = YES;
				SDKROOT = macosx;
				SWIFT_ACTIVE_COMPILATION_CONDITIONS = "DEBUG $(inherited)";
				SWIFT_OPTIMIZATION_LEVEL = "-Onone";
			};
			name = Debug;
		};
		171761192F4ACE6900DC1C99 /* Release */ = {
			isa = XCBuildConfiguration;
			buildSettings = {
				ALWAYS_SEARCH_USER_PATHS = NO;
				ASSETCATALOG_COMPILER_GENERATE_SWIFT_ASSET_SYMBOL_EXTENSIONS = YES;
				CLANG_ANALYZER_NONNULL = YES;
				CLANG_ANALYZER_NUMBER_OBJECT_CONVERSION = YES_AGGRESSIVE;
				CLANG_CXX_LANGUAGE_STANDARD = "gnu++20";
				CLANG_ENABLE_MODULES = YES;
				CLANG_ENABLE_OBJC_ARC = YES;
				CLANG_ENABLE_OBJC_WEAK = YES;
				CLANG_WARN_BLOCK_CAPTURE_AUTORELEASING = YES;
				CLANG_WARN_BOOL_CONVERSION = YES;
				CLANG_WARN_COMMA = YES;
				CLANG_WARN_CONSTANT_CONVERSION = YES;
				CLANG_WARN_DEPRECATED_OBJC_IMPLEMENTATIONS = YES;
				CLANG_WARN_DIRECT_OBJC_ISA_USAGE = YES_ERROR;
				CLANG_WARN_DOCUMENTATION_COMMENTS = YES;
				CLANG_WARN_EMPTY_BODY = YES;
				CLANG_WARN_ENUM_CONVERSION = YES;
				CLANG_WARN_INFINITE_RECURSION = YES;
				CLANG_WARN_INT_CONVERSION = YES;
				CLANG_WARN_NON_LITERAL_NULL_CONVERSION = YES;
				CLANG_WARN_OBJC_IMPLICIT_RETAIN_SELF = YES;
				CLANG_WARN_OBJC_LITERAL_CONVERSION = YES;
				CLANG_WARN_OBJC_ROOT_CLASS = YES_ERROR;
				CLANG_WARN_QUOTED_INCLUDE_IN_FRAMEWORK_HEADER = YES;
				CLANG_WARN_RANGE_LOOP_ANALYSIS = YES;
				CLANG_WARN_STRICT_PROTOTYPES = YES;
				CLANG_WARN_SUSPICIOUS_MOVE = YES;
				CLANG_WARN_UNGUARDED_AVAILABILITY = YES_AGGRESSIVE;
				CLANG_WARN_UNREACHABLE_CODE = YES;
				CLANG_WARN__DUPLICATE_METHOD_MATCH = YES;
				COPY_PHASE_STRIP = NO;
				DEBUG_INFORMATION_FORMAT = "dwarf-with-dsym";
				DEVELOPMENT_TEAM = QXB4YGYJBG;
				ENABLE_NS_ASSERTIONS = NO;
				ENABLE_STRICT_OBJC_MSGSEND = YES;
				ENABLE_USER_SCRIPT_SANDBOXING = YES;
				GCC_C_LANGUAGE_STANDARD = gnu17;
				GCC_NO_COMMON_BLOCKS = YES;
				GCC_WARN_64_TO_32_BIT_CONVERSION = YES;
				GCC_WARN_ABOUT_RETURN_TYPE = YES_ERROR;
				GCC_WARN_UNDECLARED_SELECTOR = YES;
				GCC_WARN_UNINITIALIZED_AUTOS = YES_AGGRESSIVE;
				GCC_WARN_UNUSED_FUNCTION = YES;
				GCC_WARN_UNUSED_VARIABLE = YES;
				LOCALIZATION_PREFERS_STRING_CATALOGS = YES;
				MACOSX_DEPLOYMENT_TARGET = 26.2;
				MTL_ENABLE_DEBUG_INFO = NO;
				MTL_FAST_MATH = YES;
				SDKROOT = macosx;
				SWIFT_COMPILATION_MODE = wholemodule;
			};
			name = Release;
		};
		1717611B2F4ACE6900DC1C99 /* Debug */ = {
			isa = XCBuildConfiguration;
			buildSettings = {
				ASSETCATALOG_COMPILER_APPICON_NAME = AppIcon;
				ASSETCATALOG_COMPILER_GLOBAL_ACCENT_COLOR_NAME = AccentColor;
				"CODE_SIGN_IDENTITY[sdk=macosx*]" = "Apple Development";
				CODE_SIGN_STYLE = Automatic;
				COMBINE_HIDPI_IMAGES = YES;
				CURRENT_PROJECT_VERSION = 3;
				DEVELOPMENT_TEAM = QXB4YGYJBG;
				ENABLE_APP_SANDBOX = NO;
				ENABLE_HARDENED_RUNTIME = YES;
				ENABLE_PREVIEWS = YES;
				GENERATE_INFOPLIST_FILE = NO;
				INFOPLIST_FILE = FormatKit/Info.plist;
				INFOPLIST_KEY_NSHumanReadableCopyright = "";
				LD_RUNPATH_SEARCH_PATHS = (
					"$(inherited)",
					"@executable_path/../Frameworks",
				);
				MARKETING_VERSION = 1.0;
				PRODUCT_BUNDLE_IDENTIFIER = com.ajbeaver.FormatKit;
				PRODUCT_NAME = "$(TARGET_NAME)";
				STRING_CATALOG_GENERATE_SYMBOLS = YES;
				SWIFT_APPROACHABLE_CONCURRENCY = YES;
				SWIFT_DEFAULT_ACTOR_ISOLATION = MainActor;
				SWIFT_EMIT_LOC_STRINGS = YES;
				SWIFT_UPCOMING_FEATURE_MEMBER_IMPORT_VISIBILITY = YES;
				SWIFT_VERSION = 5.0;
			};
			name = Debug;
		};
		1717611C2F4ACE6900DC1C99 /* Release */ = {
			isa = XCBuildConfiguration;
			buildSettings = {
				ASSETCATALOG_COMPILER_APPICON_NAME = AppIcon;
				ASSETCATALOG_COMPILER_GLOBAL_ACCENT_COLOR_NAME = AccentColor;
				"CODE_SIGN_IDENTITY[sdk=macosx*]" = "Apple Development";
				CODE_SIGN_STYLE = Automatic;
				COMBINE_HIDPI_IMAGES = YES;
				CURRENT_PROJECT_VERSION = 3;
				DEVELOPMENT_TEAM = QXB4YGYJBG;
				ENABLE_APP_SANDBOX = NO;
				ENABLE_HARDENED_RUNTIME = YES;
				ENABLE_PREVIEWS = YES;
				GENERATE_INFOPLIST_FILE = NO;
				INFOPLIST_FILE = FormatKit/Info.plist;
				INFOPLIST_KEY_NSHumanReadableCopyright = "";
				LD_RUNPATH_SEARCH_PATHS = (
					"$(inherited)",
					"@executable_path/../Frameworks",
				);
				MARKETING_VERSION = 1.0;
				PRODUCT_BUNDLE_IDENTIFIER = com.ajbeaver.FormatKit;
				PRODUCT_NAME = "$(TARGET_NAME)";
				STRING_CATALOG_GENERATE_SYMBOLS = YES;
				SWIFT_APPROACHABLE_CONCURRENCY = YES;
				SWIFT_DEFAULT_ACTOR_ISOLATION = MainActor;
				SWIFT_EMIT_LOC_STRINGS = YES;
				SWIFT_UPCOMING_FEATURE_MEMBER_IMPORT_VISIBILITY = YES;
				SWIFT_VERSION = 5.0;
			};
			name = Release;
		};
		1717611E2F4ACE6900DC1C99 /* Debug */ = {
			isa = XCBuildConfiguration;
			buildSettings = {
				BUNDLE_LOADER = "$(TEST_HOST)";
				CODE_SIGN_STYLE = Automatic;
				CURRENT_PROJECT_VERSION = 1;
				DEVELOPMENT_TEAM = QXB4YGYJBG;
				GENERATE_INFOPLIST_FILE = YES;
				MACOSX_DEPLOYMENT_TARGET = 26.2;
				MARKETING_VERSION = 1.0;
				PRODUCT_BUNDLE_IDENTIFIER = com.ajbeaver.FormatKitTests;
				PRODUCT_NAME = "$(TARGET_NAME)";
				STRING_CATALOG_GENERATE_SYMBOLS = NO;
				SWIFT_APPROACHABLE_CONCURRENCY = YES;
				SWIFT_EMIT_LOC_STRINGS = NO;
				SWIFT_UPCOMING_FEATURE_MEMBER_IMPORT_VISIBILITY = YES;
				SWIFT_VERSION = 5.0;
				TEST_HOST = "$(BUILT_PRODUCTS_DIR)/FormatKit.app/$(BUNDLE_EXECUTABLE_FOLDER_PATH)/FormatKit";
			};
			name = Debug;
		};
		1717611F2F4ACE6900DC1C99 /* Release */ = {
			isa = XCBuildConfiguration;
			buildSettings = {
				BUNDLE_LOADER = "$(TEST_HOST)";
				CODE_SIGN_STYLE = Automatic;
				CURRENT_PROJECT_VERSION = 1;
				DEVELOPMENT_TEAM = QXB4YGYJBG;
				GENERATE_INFOPLIST_FILE = YES;
				MACOSX_DEPLOYMENT_TARGET = 26.2;
				MARKETING_VERSION = 1.0;
				PRODUCT_BUNDLE_IDENTIFIER = com.ajbeaver.FormatKitTests;
				PRODUCT_NAME = "$(TARGET_NAME)";
				STRING_CATALOG_GENERATE_SYMBOLS = NO;
				SWIFT_APPROACHABLE_CONCURRENCY = YES;
				SWIFT_EMIT_LOC_STRINGS = NO;
				SWIFT_UPCOMING_FEATURE_MEMBER_IMPORT_VISIBILITY = YES;
				SWIFT_VERSION = 5.0;
				TEST_HOST = "$(BUILT_PRODUCTS_DIR)/FormatKit.app/$(BUNDLE_EXECUTABLE_FOLDER_PATH)/FormatKit";
			};
			name = Release;
		};
		171761212F4ACE6900DC1C99 /* Debug */ = {
			isa = XCBuildConfiguration;
			buildSettings = {
				CODE_SIGN_STYLE = Automatic;
				CURRENT_PROJECT_VERSION = 1;
				DEVELOPMENT_TEAM = QXB4YGYJBG;
				GENERATE_INFOPLIST_FILE = YES;
				MARKETING_VERSION = 1.0;
				PRODUCT_BUNDLE_IDENTIFIER = com.ajbeaver.FormatKitUITests;
				PRODUCT_NAME = "$(TARGET_NAME)";
				STRING_CATALOG_GENERATE_SYMBOLS = NO;
				SWIFT_APPROACHABLE_CONCURRENCY = YES;
				SWIFT_EMIT_LOC_STRINGS = NO;
				SWIFT_UPCOMING_FEATURE_MEMBER_IMPORT_VISIBILITY = YES;
				SWIFT_VERSION = 5.0;
				TEST_TARGET_NAME = FormatKit;
			};
			name = Debug;
		};
		171761222F4ACE6900DC1C99 /* Release */ = {
			isa = XCBuildConfiguration;
			buildSettings = {
				CODE_SIGN_STYLE = Automatic;
				CURRENT_PROJECT_VERSION = 1;
				DEVELOPMENT_TEAM = QXB4YGYJBG;
				GENERATE_INFOPLIST_FILE = YES;
				MARKETING_VERSION = 1.0;
				PRODUCT_BUNDLE_IDENTIFIER = com.ajbeaver.FormatKitUITests;
				PRODUCT_NAME = "$(TARGET_NAME)";
				STRING_CATALOG_GENERATE_SYMBOLS = NO;
				SWIFT_APPROACHABLE_CONCURRENCY = YES;
				SWIFT_EMIT_LOC_STRINGS = NO;
				SWIFT_UPCOMING_FEATURE_MEMBER_IMPORT_VISIBILITY = YES;
				SWIFT_VERSION = 5.0;
				TEST_TARGET_NAME = FormatKit;
			};
			name = Release;
		};
		A100000B2F4B000100000001 /* Debug */ = {
			isa = XCBuildConfiguration;
			buildSettings = {
				APPLICATION_EXTENSION_API_ONLY = YES;
				CODE_SIGN_ENTITLEMENTS = FormatKitFinderExtension/FormatKitFinderExtension.entitlements;
				"CODE_SIGN_IDENTITY[sdk=macosx*]" = "Apple Development";
				CODE_SIGN_STYLE = Automatic;
				CURRENT_PROJECT_VERSION = 3;
				DEVELOPMENT_TEAM = QXB4YGYJBG;
				ENABLE_APP_SANDBOX = YES;
				ENABLE_HARDENED_RUNTIME = YES;
				GENERATE_INFOPLIST_FILE = NO;
				INFOPLIST_FILE = FormatKitFinderExtension/Info.plist;
				LD_RUNPATH_SEARCH_PATHS = (
					"$(inherited)",
					"@executable_path/../../Frameworks",
				);
				MARKETING_VERSION = 1.0;
				PRODUCT_BUNDLE_IDENTIFIER = com.ajbeaver.FormatKit.FinderExtension;
				PRODUCT_NAME = "$(TARGET_NAME)";
				SKIP_INSTALL = YES;
				STRING_CATALOG_GENERATE_SYMBOLS = NO;
				SWIFT_APPROACHABLE_CONCURRENCY = YES;
				SWIFT_EMIT_LOC_STRINGS = NO;
				SWIFT_UPCOMING_FEATURE_MEMBER_IMPORT_VISIBILITY = YES;
				SWIFT_VERSION = 5.0;
			};
			name = Debug;
		};
		A100000C2F4B000100000001 /* Release */ = {
			isa = XCBuildConfiguration;
			buildSettings = {
				APPLICATION_EXTENSION_API_ONLY = YES;
				CODE_SIGN_ENTITLEMENTS = FormatKitFinderExtension/FormatKitFinderExtension.entitlements;
				"CODE_SIGN_IDENTITY[sdk=macosx*]" = "Apple Development";
				CODE_SIGN_STYLE = Automatic;
				CURRENT_PROJECT_VERSION = 3;
				DEVELOPMENT_TEAM = QXB4YGYJBG;
				ENABLE_APP_SANDBOX = YES;
				ENABLE_HARDENED_RUNTIME = YES;
				GENERATE_INFOPLIST_FILE = NO;
				INFOPLIST_FILE = FormatKitFinderExtension/Info.plist;
				LD_RUNPATH_SEARCH_PATHS = (
					"$(inherited)",
					"@executable_path/../../Frameworks",
				);
				MARKETING_VERSION = 1.0;
				PRODUCT_BUNDLE_IDENTIFIER = com.ajbeaver.FormatKit.FinderExtension;
				PRODUCT_NAME = "$(TARGET_NAME)";
				SKIP_INSTALL = YES;
				STRING_CATALOG_GENERATE_SYMBOLS = NO;
				SWIFT_APPROACHABLE_CONCURRENCY = YES;
				SWIFT_EMIT_LOC_STRINGS = NO;
				SWIFT_UPCOMING_FEATURE_MEMBER_IMPORT_VISIBILITY = YES;
				SWIFT_VERSION = 5.0;
			};
			name = Release;
		};
/* End XCBuildConfiguration section */

/* Begin XCConfigurationList section */
		171760F42F4ACE6900DC1C99 /* Build configuration list for PBXProject "FormatKit" */ = {
			isa = XCConfigurationList;
			buildConfigurations = (
				171761182F4ACE6900DC1C99 /* Debug */,
				171761192F4ACE6900DC1C99 /* Release */,
			);
			defaultConfigurationIsVisible = 0;
			defaultConfigurationName = Release;
		};
		1717611A2F4ACE6900DC1C99 /* Build configuration list for PBXNativeTarget "FormatKit" */ = {
			isa = XCConfigurationList;
			buildConfigurations = (
				1717611B2F4ACE6900DC1C99 /* Debug */,
				1717611C2F4ACE6900DC1C99 /* Release */,
			);
			defaultConfigurationIsVisible = 0;
			defaultConfigurationName = Release;
		};
		1717611D2F4ACE6900DC1C99 /* Build configuration list for PBXNativeTarget "FormatKitTests" */ = {
			isa = XCConfigurationList;
			buildConfigurations = (
				1717611E2F4ACE6900DC1C99 /* Debug */,
				1717611F2F4ACE6900DC1C99 /* Release */,
			);
			defaultConfigurationIsVisible = 0;
			defaultConfigurationName = Release;
		};
		171761202F4ACE6900DC1C99 /* Build configuration list for PBXNativeTarget "FormatKitUITests" */ = {
			isa = XCConfigurationList;
			buildConfigurations = (
				171761212F4ACE6900DC1C99 /* Debug */,
				171761222F4ACE6900DC1C99 /* Release */,
			);
			defaultConfigurationIsVisible = 0;
			defaultConfigurationName = Release;
		};
		A100000D2F4B000100000001 /* Build configuration list for PBXNativeTarget "FormatKitFinderExtension" */ = {
			isa = XCConfigurationList;
			buildConfigurations = (
				A100000B2F4B000100000001 /* Debug */,
				A100000C2F4B000100000001 /* Release */,
			);
			defaultConfigurationIsVisible = 0;
			defaultConfigurationName = Release;
		};
/* End XCConfigurationList section */
	};
	rootObject = 171760F12F4ACE6900DC1C99 /* Project object */;
}
